
Microsoft Visual Studio Solution File, Format Version 12.00
# Visual Studio Version 17
VisualStudioVersion = 17.4.33213.308
MinimumVisualStudioVersion = 10.0.40219.1
Project("{9A19103F-16F7-4668-BE54-9A1E7A4F7556}") = "Repository", "Repository\Repository.csproj", "{77403B7A-4E9E-44AA-AE9C-3FA488735F84}"
EndProject
Project("{9A19103F-16F7-4668-BE54-9A1E7A4F7556}") = "Models", "Models\Models.csproj", "{F3E4B9A5-0ACB-4FFB-B9F4-B03B82AC2B31}"
EndProject
Project("{9A19103F-16F7-4668-BE54-9A1E7A4F7556}") = "Services", "Services\Services.csproj", "{7EEABCD7-C6F9-4B14-AF85-559F685F2B3E}"
EndProject
Project("{FAE04EC0-301F-11D3-BF4B-00C04F79EFBC}") = "EmployeeDirectory.API", "EmployeeDirectory.API\EmployeeDirectory.API.csproj", "{145936EE-068B-4EDB-977D-093DBC02CFED}"
EndProject
Global
	GlobalSection(SolutionConfigurationPlatforms) = preSolution
		Debug|Any CPU = Debug|Any CPU
		Release|Any CPU = Release|Any CPU
	EndGlobalSection
	GlobalSection(ProjectConfigurationPlatforms) = postSolution
		{77403B7A-4E9E-44AA-AE9C-3FA488735F84}.Debug|Any CPU.ActiveCfg = Debug|Any CPU
		{77403B7A-4E9E-44AA-AE9C-3FA488735F84}.Debug|Any CPU.Build.0 = Debug|Any CPU
		{77403B7A-4E9E-44AA-AE9C-3FA488735F84}.Release|Any CPU.ActiveCfg = Release|Any CPU
		{77403B7A-4E9E-44AA-AE9C-3FA488735F84}.Release|Any CPU.Build.0 = Release|Any CPU
		{F3E4B9A5-0ACB-4FFB-B9F4-B03B82AC2B31}.Debug|Any CPU.ActiveCfg = Debug|Any CPU
		{F3E4B9A5-0ACB-4FFB-B9F4-B03B82AC2B31}.Debug|Any CPU.Build.0 = Debug|Any CPU
		{F3E4B9A5-0ACB-4FFB-B9F4-B03B82AC2B31}.Release|Any CPU.ActiveCfg = Release|Any CPU
		{F3E4B9A5-0ACB-4FFB-B9F4-B03B82AC2B31}.Release|Any CPU.Build.0 = Release|Any CPU
		{7EEABCD7-C6F9-4B14-AF85-559F685F2B3E}.Debug|Any CPU.ActiveCfg = Debug|Any CPU
		{7EEABCD7-C6F9-4B14-AF85-559F685F2B3E}.Debug|Any CPU.Build.0 = Debug|Any CPU
		{7EEABCD7-C6F9-4B14-AF85-559F685F2B3E}.Release|Any CPU.ActiveCfg = Release|Any CPU
		{7EEABCD7-C6F9-4B14-AF85-559F685F2B3E}.Release|Any CPU.Build.0 = Release|Any CPU
		{145936EE-068B-4EDB-977D-093DBC02CFED}.Debug|Any CPU.ActiveCfg = Debug|Any CPU
		{145936EE-068B-4EDB-977D-093DBC02CFED}.Debug|Any CPU.Build.0 = Debug|Any CPU
		{145936EE-068B-4EDB-977D-093DBC02CFED}.Release|Any CPU.ActiveCfg = Release|Any CPU
		{145936EE-068B-4EDB-977D-093DBC02CFED}.Release|Any CPU.Build.0 = Release|Any CPU
	EndGlobalSection
	GlobalSection(SolutionProperties) = preSolution
		HideSolutionNode = FALSE
	EndGlobalSection
	GlobalSection(ExtensibilityGlobals) = postSolution
		SolutionGuid = {1E54EF31-D3EC-406F-AC47-FF9E6CA119F0}
	EndGlobalSection
EndGlobal
